{
  "projects": [
    {
      "projectId": "eV7Xi9hgseajGR8GcVFgnT",
      "version": "latest",
      "dependencies": {},
      "lang": "ts",
      "fileLocks": [
        {
          "type": "globalVariant",
          "assetId": "-L1czsd8IbhiAH",
          "checksum": "18142be4022d0e39f4b69afe58c8e8cc"
        },
        {
          "type": "renderModule",
          "assetId": "YXmRSRV_99aVW",
          "checksum": "bbfdb510602dadc383d00a033e7e8c09"
        },
        {
          "type": "cssRules",
          "assetId": "YXmRSRV_99aVW",
          "checksum": "bbfdb510602dadc383d00a033e7e8c09"
        },
        {
          "type": "renderModule",
          "assetId": "QGA80RgFGLd73",
          "checksum": "65d6db18c7acfcd761370ece565ff9c4"
        },
        {
          "type": "cssRules",
          "assetId": "QGA80RgFGLd73",
          "checksum": "65d6db18c7acfcd761370ece565ff9c4"
        },
        {
          "type": "renderModule",
          "assetId": "kalnIZLqj6K81",
          "checksum": "9773e2320e8dc163f44297c1b5ede913"
        },
        {
          "type": "cssRules",
          "assetId": "kalnIZLqj6K81",
          "checksum": "9773e2320e8dc163f44297c1b5ede913"
        },
        {
          "type": "renderModule",
          "assetId": "y0PFOIKIN4jva",
          "checksum": "cafb2426abac33e01a36b403251d8100"
        },
        {
          "type": "cssRules",
          "assetId": "y0PFOIKIN4jva",
          "checksum": "cafb2426abac33e01a36b403251d8100"
        },
        {
          "type": "renderModule",
          "assetId": "SV009CwcClwU7",
          "checksum": "4e54d7f8d9fd9f1625d74b7f6f862400"
        },
        {
          "type": "cssRules",
          "assetId": "SV009CwcClwU7",
          "checksum": "4e54d7f8d9fd9f1625d74b7f6f862400"
        },
        {
          "type": "renderModule",
          "assetId": "hGvVhufbV8OeD",
          "checksum": "2965b8d752754c63d4bf634926a2dcfe"
        },
        {
          "type": "cssRules",
          "assetId": "hGvVhufbV8OeD",
          "checksum": "2965b8d752754c63d4bf634926a2dcfe"
        },
        {
          "type": "renderModule",
          "assetId": "srr7ZVIUQAh-6",
          "checksum": "fd6b15525396be1b462a8da78a34f48c"
        },
        {
          "type": "cssRules",
          "assetId": "srr7ZVIUQAh-6",
          "checksum": "fd6b15525396be1b462a8da78a34f48c"
        },
        {
          "type": "renderModule",
          "assetId": "npQMG1y3PU8M1",
          "checksum": "fd29c6999afc12e71637325142f776d2"
        },
        {
          "type": "cssRules",
          "assetId": "npQMG1y3PU8M1",
          "checksum": "fd29c6999afc12e71637325142f776d2"
        },
        {
          "type": "renderModule",
          "assetId": "6qD4dHE1Z4oho",
          "checksum": "8c9d6ec92c4e41d98d12fcecc1dc5657"
        },
        {
          "type": "cssRules",
          "assetId": "6qD4dHE1Z4oho",
          "checksum": "8c9d6ec92c4e41d98d12fcecc1dc5657"
        },
        {
          "type": "renderModule",
          "assetId": "-HcGzCHHRJliz",
          "checksum": "398ab786ded63929849ba11da6f8ddca"
        },
        {
          "type": "cssRules",
          "assetId": "-HcGzCHHRJliz",
          "checksum": "398ab786ded63929849ba11da6f8ddca"
        },
        {
          "type": "renderModule",
          "assetId": "UP0pQhrQy0dXu",
          "checksum": "6387c2b754f0ba24c57538ab21665d0b"
        },
        {
          "type": "cssRules",
          "assetId": "UP0pQhrQy0dXu",
          "checksum": "6387c2b754f0ba24c57538ab21665d0b"
        },
        {
          "type": "renderModule",
          "assetId": "iMtv5NCElk1PK",
          "checksum": "98ad486af79fa41a95265160fa093d33"
        },
        {
          "type": "cssRules",
          "assetId": "iMtv5NCElk1PK",
          "checksum": "98ad486af79fa41a95265160fa093d33"
        },
        {
          "type": "renderModule",
          "assetId": "xnRJlhLH2Edsl",
          "checksum": "d0e6c566a7401f395cecba05607116de"
        },
        {
          "type": "cssRules",
          "assetId": "xnRJlhLH2Edsl",
          "checksum": "d0e6c566a7401f395cecba05607116de"
        },
        {
          "type": "renderModule",
          "assetId": "yu4cL-EFIGe4C",
          "checksum": "b11962ef02ea5d5e0f0a9567bb0da291"
        },
        {
          "type": "cssRules",
          "assetId": "yu4cL-EFIGe4C",
          "checksum": "b11962ef02ea5d5e0f0a9567bb0da291"
        },
        {
          "type": "renderModule",
          "assetId": "Q7JAreKlD_imW",
          "checksum": "7594073d1676e7349bc2c4fa83830bc6"
        },
        {
          "type": "cssRules",
          "assetId": "Q7JAreKlD_imW",
          "checksum": "7594073d1676e7349bc2c4fa83830bc6"
        },
        {
          "type": "renderModule",
          "assetId": "ys1dDALBqW2Dr",
          "checksum": "4c0a7bcaf297b9d327ff8e7697a0c636"
        },
        {
          "type": "cssRules",
          "assetId": "ys1dDALBqW2Dr",
          "checksum": "4c0a7bcaf297b9d327ff8e7697a0c636"
        },
        {
          "type": "renderModule",
          "assetId": "Ppuf_8_k0yWN4",
          "checksum": "99cc52857b7577f774f4e3252f6385fd"
        },
        {
          "type": "cssRules",
          "assetId": "Ppuf_8_k0yWN4",
          "checksum": "99cc52857b7577f774f4e3252f6385fd"
        },
        {
          "type": "renderModule",
          "assetId": "sCBjEr90b1mbPB",
          "checksum": "f6992c926f6ebde354f5f93d65df7061"
        },
        {
          "type": "cssRules",
          "assetId": "sCBjEr90b1mbPB",
          "checksum": "f6992c926f6ebde354f5f93d65df7061"
        },
        {
          "type": "renderModule",
          "assetId": "L0jfkkzI6NSWde",
          "checksum": "e8844fbb970938ce37678680831cf2b8"
        },
        {
          "type": "cssRules",
          "assetId": "L0jfkkzI6NSWde",
          "checksum": "e8844fbb970938ce37678680831cf2b8"
        },
        {
          "type": "renderModule",
          "assetId": "XmN92Nv4-pcVq-",
          "checksum": "eb2f864ab18e9295e1349c1f94347efb"
        },
        {
          "type": "cssRules",
          "assetId": "XmN92Nv4-pcVq-",
          "checksum": "eb2f864ab18e9295e1349c1f94347efb"
        },
        {
          "type": "renderModule",
          "assetId": "7tob782ltHq5pD",
          "checksum": "ccb7221f2c126e78181f074e3e25eb24"
        },
        {
          "type": "cssRules",
          "assetId": "7tob782ltHq5pD",
          "checksum": "ccb7221f2c126e78181f074e3e25eb24"
        },
        {
          "type": "renderModule",
          "assetId": "swBP63kONzdkSI",
          "checksum": "c387a92bd30ad9a5f42d89eeb97f317c"
        },
        {
          "type": "cssRules",
          "assetId": "swBP63kONzdkSI",
          "checksum": "c387a92bd30ad9a5f42d89eeb97f317c"
        },
        {
          "type": "renderModule",
          "assetId": "DzjLF3G6lYSWQc",
          "checksum": "e5b92132ea989c3b914d63f31ca44349"
        },
        {
          "type": "cssRules",
          "assetId": "DzjLF3G6lYSWQc",
          "checksum": "e5b92132ea989c3b914d63f31ca44349"
        },
        {
          "type": "renderModule",
          "assetId": "acUXApEsmhTkwY",
          "checksum": "3dc7ddece62094342b9b85be97368bd3"
        },
        {
          "type": "cssRules",
          "assetId": "acUXApEsmhTkwY",
          "checksum": "3dc7ddece62094342b9b85be97368bd3"
        },
        {
          "type": "renderModule",
          "assetId": "tmt8YJ3U6WhwTS",
          "checksum": "2d5dc06042ddee1d6d76972b99f16e80"
        },
        {
          "type": "cssRules",
          "assetId": "tmt8YJ3U6WhwTS",
          "checksum": "2d5dc06042ddee1d6d76972b99f16e80"
        },
        {
          "type": "renderModule",
          "assetId": "CkvbJP0C9UinrQ",
          "checksum": "7aa6fb2d33abcd5a85c5de1c837341b6"
        },
        {
          "type": "cssRules",
          "assetId": "CkvbJP0C9UinrQ",
          "checksum": "7aa6fb2d33abcd5a85c5de1c837341b6"
        },
        {
          "type": "renderModule",
          "assetId": "HuPbUB6jaqsHQR",
          "checksum": "2d28ccaf1b7c4b1c4b413d402c905052"
        },
        {
          "type": "cssRules",
          "assetId": "HuPbUB6jaqsHQR",
          "checksum": "2d28ccaf1b7c4b1c4b413d402c905052"
        },
        {
          "type": "image",
          "assetId": "OW3Ys2Ek5goX6p",
          "checksum": "cb7338aa543cfa113a6ab890aa4bc2ba"
        },
        {
          "type": "image",
          "assetId": "4wXczxSCREBt2V",
          "checksum": "0aa718579f6113a4952cbcbec9eb10f6"
        },
        {
          "type": "image",
          "assetId": "3q7GFX805OpVJJ",
          "checksum": "d29708579ae718f8b793bb94b4a017e8"
        },
        {
          "type": "image",
          "assetId": "yR0kMsoOAnZWxy",
          "checksum": "b66bc84728e9ee6cbde5bb25040851ac"
        },
        {
          "type": "image",
          "assetId": "JW20k-8i4aa9hr",
          "checksum": "09d667cadd0a488f5ddabd17f563d67e"
        },
        {
          "type": "image",
          "assetId": "ROyddGA5kmrGtN",
          "checksum": "ee2a2e322bc0ca8647149f0899d21987"
        },
        {
          "type": "image",
          "assetId": "XSxmkU9PSzCdI4",
          "checksum": "03f5b40b5fdb80cbfb9571c358857e12"
        },
        {
          "type": "image",
          "assetId": "SUM-AoDvV8h30Y",
          "checksum": "157436d0c57cf1fc32e627e5266a58a5"
        },
        {
          "type": "image",
          "assetId": "lFBfUXfNg31wcR",
          "checksum": "de8cd6d4b984aafbe5b87e077b7a7fa3"
        },
        {
          "type": "image",
          "assetId": "rq2kZck1H01ms8",
          "checksum": "81e016753cdb57e438eeeecf49459720"
        },
        {
          "type": "image",
          "assetId": "i-CBx3VQHXc4Hf",
          "checksum": "978ea13c9b178ab1cc3a833a4f381d3f"
        },
        {
          "type": "image",
          "assetId": "qfZi9Uwj_GIqZw",
          "checksum": "cd8bbd59fe9e3f431e2e5e07ab485b67"
        },
        {
          "type": "image",
          "assetId": "Dwi1yU-kBg9-14",
          "checksum": "dbf8c4cb2013a73f3f6f3ff460a38504"
        },
        {
          "type": "image",
          "assetId": "pV8a9Hi29uQT2r",
          "checksum": "e3dbd446bdf5f641429c84ba5c296cdf"
        },
        {
          "type": "image",
          "assetId": "zLVKMSvc7nTNKV",
          "checksum": "d3c200f71fe2170324ddea275e39009e"
        },
        {
          "type": "image",
          "assetId": "QNPE-y1FmrVUH6",
          "checksum": "a60ad3d3e5b41be6ce0dad68cb9c7500"
        },
        {
          "type": "image",
          "assetId": "KKSOvOOpbS1Pmt",
          "checksum": "355e0c3ab441e279467d609aa5bfe7e9"
        },
        {
          "type": "image",
          "assetId": "ZUjPqiK2ArN5pK",
          "checksum": "cf8a600f9d72065a8a71406cb11b97a2"
        },
        {
          "type": "image",
          "assetId": "a14O8Smb9xHol7",
          "checksum": "27ff53254adf539a72f920c08ca30e70"
        },
        {
          "type": "image",
          "assetId": "i1I2oOdJ9xU5L6",
          "checksum": "6f9a4e8c51b8b7813e308c480f3127ae"
        },
        {
          "type": "image",
          "assetId": "pd0xeaeVvUu7mw",
          "checksum": "e637c7cbced69bb883200877978ae777"
        },
        {
          "type": "image",
          "assetId": "Pqb219Hg3I5JAm",
          "checksum": "39ba2d423b2006866444df0c153e0eb9"
        },
        {
          "type": "image",
          "assetId": "ELM49YftOv_DDu",
          "checksum": "534de57551752a76783aefeceab025f5"
        },
        {
          "type": "image",
          "assetId": "T6CGXD8OJi9IR2",
          "checksum": "aac2763da0e8be495b54cff2e5ce9236"
        },
        {
          "type": "image",
          "assetId": "KnKhZQz6hVduz8",
          "checksum": "330729a97c65d2143c3424d32d1535e2"
        },
        {
          "type": "image",
          "assetId": "uuOetO6HGu3XYb",
          "checksum": "72137d8a6f37127b02c9028de02b2146"
        },
        {
          "type": "image",
          "assetId": "MMX2OYNaKEncgI",
          "checksum": "51e5bb52446e4b7f03f1dae6da3f4e21"
        },
        {
          "type": "image",
          "assetId": "rnjWz6ik-x2b5k",
          "checksum": "e0bc7ef5446ea5a161e48a631c1df1bd"
        },
        {
          "type": "image",
          "assetId": "NAJh5q8zo67WnV",
          "checksum": "da575066b766a6fae8a5d50ec6d78d10"
        },
        {
          "type": "image",
          "assetId": "qvedTH4T9GFR8q",
          "checksum": "2559be6aed3449ed8e29502ff2fd2d0f"
        },
        {
          "type": "image",
          "assetId": "tBtUlPcqkEtAbT",
          "checksum": "8d4226ddf320bfe652f85c85b9f1e068"
        },
        {
          "assetId": "eV7Xi9hgseajGR8GcVFgnT",
          "type": "projectCss",
          "checksum": "cf40aa390021f7332a4c1ce4eeeeee9d"
        },
        {
          "type": "icon",
          "assetId": "K2q83RG_SHjqGY",
          "checksum": "221a9981fc979f57a71a463fb81a5a2b"
        },
        {
          "type": "icon",
          "assetId": "SjIeMEwt2LxX7p",
          "checksum": "4dea511cfafc61d828bb2afd4575d13c"
        },
        {
          "type": "icon",
          "assetId": "iN76y7fFcsgbra",
          "checksum": "582756fd8a1da7637ed3e47c9228398a"
        },
        {
          "type": "icon",
          "assetId": "oqstc9Cslcu5a8",
          "checksum": "c79f4f9643efa66dac82e882a0300fc3"
        },
        {
          "type": "icon",
          "assetId": "PWYjwIiH9_8Pdl",
          "checksum": "76783101dd368e895005b4cd256e8dd4"
        },
        {
          "type": "icon",
          "assetId": "BJjXYf54QGzaHz",
          "checksum": "bfb721ddaf889fec7b2ab89384609e8d"
        }
      ]
    }
  ],
  "cliVersion": "0.1.157"
}
